// !$*UTF8*$!
{
	archiveVersion = 1;
	classes = {
	};
	objectVersion = 50;
	objects = {

/* Begin PBXBuildFile section */
		16809A2125742BA2005BE42E /* AppDelegate.swift in Sources */ = {isa = PBXBuildFile; fileRef = 16809A2025742BA2005BE42E /* AppDelegate.swift */; };
		16809A2325742BA2005BE42E /* SceneDelegate.swift in Sources */ = {isa = PBXBuildFile; fileRef = 16809A2225742BA2005BE42E /* SceneDelegate.swift */; };
		16809A2525742BA2005BE42E /* GoalsVC.swift in Sources */ = {isa = PBXBuildFile; fileRef = 16809A2425742BA2005BE42E /* GoalsVC.swift */; };
		16809A2825742BA2005BE42E /* Main.storyboard in Resources */ = {isa = PBXBuildFile; fileRef = 16809A2625742BA2005BE42E /* Main.storyboard */; };
		16809A2B25742BA2005BE42E /* GoalPost.xcdatamodeld in Sources */ = {isa = PBXBuildFile; fileRef = 16809A2925742BA2005BE42E /* GoalPost.xcdatamodeld */; };
		16809A2D25742BA9005BE42E /* Assets.xcassets in Resources */ = {isa = PBXBuildFile; fileRef = 16809A2C25742BA9005BE42E /* Assets.xcassets */; };
		16809A3025742BA9005BE42E /* LaunchScreen.storyboard in Resources */ = {isa = PBXBuildFile; fileRef = 16809A2E25742BA9005BE42E /* LaunchScreen.storyboard */; };
		16809A3B257438E4005BE42E /* GoalCell.swift in Sources */ = {isa = PBXBuildFile; fileRef = 16809A3A257438E4005BE42E /* GoalCell.swift */; };
		16809A3D25744777005BE42E /* CreateGoalVC.swift in Sources */ = {isa = PBXBuildFile; fileRef = 16809A3C25744777005BE42E /* CreateGoalVC.swift */; };
		16809A3F25744D6B005BE42E /* UIViewControllerExt.swift in Sources */ = {isa = PBXBuildFile; fileRef = 16809A3E25744D6B005BE42E /* UIViewControllerExt.swift */; };
		16809A41257453E1005BE42E /* UIViewExt.swift in Sources */ = {isa = PBXBuildFile; fileRef = 16809A40257453E1005BE42E /* UIViewExt.swift */; };
		16809A43257458DB005BE42E /* UIButtonExt.swift in Sources */ = {isa = PBXBuildFile; fileRef = 16809A42257458DB005BE42E /* UIButtonExt.swift */; };
		16809A46257459F4005BE42E /* GoalType.swift in Sources */ = {isa = PBXBuildFile; fileRef = 16809A45257459F4005BE42E /* GoalType.swift */; };
		16809A482574711A005BE42E /* FinishGoalVC.swift in Sources */ = {isa = PBXBuildFile; fileRef = 16809A472574711A005BE42E /* FinishGoalVC.swift */; };
/* End PBXBuildFile section */

/* Begin PBXFileReference section */
		16809A1D25742BA2005BE42E /* GoalPost.app */ = {isa = PBXFileReference; explicitFileType = wrapper.application; includeInIndex = 0; path = GoalPost.app; sourceTree = BUILT_PRODUCTS_DIR; };
		16809A2025742BA2005BE42E /* AppDelegate.swift */ = {isa = PBXFileReference; lastKnownFileType = sourcecode.swift; path = AppDelegate.swift; sourceTree = "<group>"; };
		16809A2225742BA2005BE42E /* SceneDelegate.swift */ = {isa = PBXFileReference; lastKnownFileType = sourcecode.swift; path = SceneDelegate.swift; sourceTree = "<group>"; };
		16809A2425742BA2005BE42E /* GoalsVC.swift */ = {isa = PBXFileReference; lastKnownFileType = sourcecode.swift; path = GoalsVC.swift; sourceTree = "<group>"; };
		16809A2725742BA2005BE42E /* Base */ = {isa = PBXFileReference; lastKnownFileType = file.storyboard; name = Base; path = Base.lproj/Main.storyboard; sourceTree = "<group>"; };
		16809A2A25742BA2005BE42E /* GoalPost.xcdatamodel */ = {isa = PBXFileReference; lastKnownFileType = wrapper.xcdatamodel; path = GoalPost.xcdatamodel; sourceTree = "<group>"; };
		16809A2C25742BA9005BE42E /* Assets.xcassets */ = {isa = PBXFileReference; lastKnownFileType = folder.assetcatalog; path = Assets.xcassets; sourceTree = "<group>"; };
		16809A2F25742BA9005BE42E /* Base */ = {isa = PBXFileReference; lastKnownFileType = file.storyboard; name = Base; path = Base.lproj/LaunchScreen.storyboard; sourceTree = "<group>"; };
		16809A3125742BA9005BE42E /* Info.plist */ = {isa = PBXFileReference; lastKnownFileType = text.plist.xml; path = Info.plist; sourceTree = "<group>"; };
		16809A3A257438E4005BE42E /* GoalCell.swift */ = {isa = PBXFileReference; lastKnownFileType = sourcecode.swift; path = GoalCell.swift; sourceTree = "<group>"; };
		16809A3C25744777005BE42E /* CreateGoalVC.swift */ = {isa = PBXFileReference; lastKnownFileType = sourcecode.swift; path = CreateGoalVC.swift; sourceTree = "<group>"; };
		16809A3E25744D6B005BE42E /* UIViewControllerExt.swift */ = {isa = PBXFileReference; lastKnownFileType = sourcecode.swift; path = UIViewControllerExt.swift; sourceTree = "<group>"; };
		16809A40257453E1005BE42E /* UIViewExt.swift */ = {isa = PBXFileReference; lastKnownFileType = sourcecode.swift; path = UIViewExt.swift; sourceTree = "<group>"; };
		16809A42257458DB005BE42E /* UIButtonExt.swift */ = {isa = PBXFileReference; lastKnownFileType = sourcecode.swift; path = UIButtonExt.swift; sourceTree = "<group>"; };
		16809A45257459F4005BE42E /* GoalType.swift */ = {isa = PBXFileReference; lastKnownFileType = sourcecode.swift; path = GoalType.swift; sourceTree = "<group>"; };
		16809A472574711A005BE42E /* FinishGoalVC.swift */ = {isa = PBXFileReference; lastKnownFileType = sourcecode.swift; path = FinishGoalVC.swift; sourceTree = "<group>"; };
/* End PBXFileReference section */

/* Begin PBXFrameworksBuildPhase section */
		16809A1A25742BA2005BE42E /* Frameworks */ = {
			isa = PBXFrameworksBuildPhase;
			buildActionMask = 2147483647;
			files = (
			);
			runOnlyForDeploymentPostprocessing = 0;
		};
/* End PBXFrameworksBuildPhase section */

/* Begin PBXGroup section */
		16809A1425742BA1005BE42E = {
			isa = PBXGroup;
			children = (
				16809A1F25742BA2005BE42E /* GoalPost */,
				16809A1E25742BA2005BE42E /* Products */,
			);
			sourceTree = "<group>";
		};
		16809A1E25742BA2005BE42E /* Products */ = {
			isa = PBXGroup;
			children = (
				16809A1D25742BA2005BE42E /* GoalPost.app */,
			);
			name = Products;
			sourceTree = "<group>";
		};
		16809A1F25742BA2005BE42E /* GoalPost */ = {
			isa = PBXGroup;
			children = (
				16809A44257459E6005BE42E /* Enum */,
				16809A3925742D7D005BE42E /* View */,
				16809A3825742CB2005BE42E /* Extension */,
				16809A3725742CA8005BE42E /* Controller */,
				16809A2025742BA2005BE42E /* AppDelegate.swift */,
				16809A2225742BA2005BE42E /* SceneDelegate.swift */,
				16809A2625742BA2005BE42E /* Main.storyboard */,
				16809A2C25742BA9005BE42E /* Assets.xcassets */,
				16809A2E25742BA9005BE42E /* LaunchScreen.storyboard */,
				16809A3125742BA9005BE42E /* Info.plist */,
				16809A2925742BA2005BE42E /* GoalPost.xcdatamodeld */,
			);
			path = GoalPost;
			sourceTree = "<group>";
		};
		16809A3725742CA8005BE42E /* Controller */ = {
			isa = PBXGroup;
			children = (
				16809A2425742BA2005BE42E /* GoalsVC.swift */,
				16809A3C25744777005BE42E /* CreateGoalVC.swift */,
				16809A472574711A005BE42E /* FinishGoalVC.swift */,
			);
			path = Controller;
			sourceTree = "<group>";
		};
		16809A3825742CB2005BE42E /* Extension */ = {
			isa = PBXGroup;
			children = (
				16809A3E25744D6B005BE42E /* UIViewControllerExt.swift */,
				16809A40257453E1005BE42E /* UIViewExt.swift */,
				16809A42257458DB005BE42E /* UIButtonExt.swift */,
			);
			path = Extension;
			sourceTree = "<group>";
		};
		16809A3925742D7D005BE42E /* View */ = {
			isa = PBXGroup;
			children = (
				16809A3A257438E4005BE42E /* GoalCell.swift */,
			);
			path = View;
			sourceTree = "<group>";
		};
		16809A44257459E6005BE42E /* Enum */ = {
			isa = PBXGroup;
			children = (
				16809A45257459F4005BE42E /* GoalType.swift */,
			);
			path = Enum;
			sourceTree = "<group>";
		};
/* End PBXGroup section */

/* Begin PBXNativeTarget section */
		16809A1C25742BA2005BE42E /* GoalPost */ = {
			isa = PBXNativeTarget;
			buildConfigurationList = 16809A3425742BA9005BE42E /* Build configuration list for PBXNativeTarget "GoalPost" */;
			buildPhases = (
				16809A1925742BA2005BE42E /* Sources */,
				16809A1A25742BA2005BE42E /* Frameworks */,
				16809A1B25742BA2005BE42E /* Resources */,
			);
			buildRules = (
			);
			dependencies = (
			);
			name = GoalPost;
			productName = GoalPost;
			productReference = 16809A1D25742BA2005BE42E /* GoalPost.app */;
			productType = "com.apple.product-type.application";
		};
/* End PBXNativeTarget section */

/* Begin PBXProject section */
		16809A1525742BA1005BE42E /* Project object */ = {
			isa = PBXProject;
			attributes = {
				LastSwiftUpdateCheck = 1150;
				LastUpgradeCheck = 1150;
				TargetAttributes = {
					16809A1C25742BA2005BE42E = {
						CreatedOnToolsVersion = 11.5;
					};
				};
			};
			buildConfigurationList = 16809A1825742BA1005BE42E /* Build configuration list for PBXProject "GoalPost" */;
			compatibilityVersion = "Xcode 9.3";
			developmentRegion = en;
			hasScannedForEncodings = 0;
			knownRegions = (
				en,
				Base,
			);
			mainGroup = 16809A1425742BA1005BE42E;
			productRefGroup = 16809A1E25742BA2005BE42E /* Products */;
			projectDirPath = "";
			projectRoot = "";
			targets = (
				16809A1C25742BA2005BE42E /* GoalPost */,
			);
		};
/* End PBXProject section */

/* Begin PBXResourcesBuildPhase section */
		16809A1B25742BA2005BE42E /* Resources */ = {
			isa = PBXResourcesBuildPhase;
			buildActionMask = 2147483647;
			files = (
				16809A3025742BA9005BE42E /* LaunchScreen.storyboard in Resources */,
				16809A2D25742BA9005BE42E /* Assets.xcassets in Resources */,
				16809A2825742BA2005BE42E /* Main.storyboard in Resources */,
			);
			runOnlyForDeploymentPostprocessing = 0;
		};
/* End PBXResourcesBuildPhase section */

/* Begin PBXSourcesBuildPhase section */
		16809A1925742BA2005BE42E /* Sources */ = {
			isa = PBXSourcesBuildPhase;
			buildActionMask = 2147483647;
			files = (
				16809A2525742BA2005BE42E /* GoalsVC.swift in Sources */,
				16809A3D25744777005BE42E /* CreateGoalVC.swift in Sources */,
				16809A2125742BA2005BE42E /* AppDelegate.swift in Sources */,
				16809A2B25742BA2005BE42E /* GoalPost.xcdatamodeld in Sources */,
				16809A41257453E1005BE42E /* UIViewExt.swift in Sources */,
				16809A482574711A005BE42E /* FinishGoalVC.swift in Sources */,
				16809A3B257438E4005BE42E /* GoalCell.swift in Sources */,
				16809A46257459F4005BE42E /* GoalType.swift in Sources */,
				16809A3F25744D6B005BE42E /* UIViewControllerExt.swift in Sources */,
				16809A43257458DB005BE42E /* UIButtonExt.swift in Sources */,
				16809A2325742BA2005BE42E /* SceneDelegate.swift in Sources */,
			);
			runOnlyForDeploymentPostprocessing = 0;
		};
/* End PBXSourcesBuildPhase section */

/* Begin PBXVariantGroup section */
		16809A2625742BA2005BE42E /* Main.storyboard */ = {
			isa = PBXVariantGroup;
			children = (
				16809A2725742BA2005BE42E /* Base */,
			);
			name = Main.storyboard;
			sourceTree = "<group>";
		};
		16809A2E25742BA9005BE42E /* LaunchScreen.storyboard */ = {
			isa = PBXVariantGroup;
			children = (
				16809A2F25742BA9005BE42E /* Base */,
			);
			name = LaunchScreen.storyboard;
			sourceTree = "<group>";
		};
/* End PBXVariantGroup section */

/* Begin XCBuildConfiguration section */
		16809A3225742BA9005BE42E /* Debug */ = {
			isa = XCBuildConfiguration;
			buildSettings = {
				ALWAYS_SEARCH_USER_PATHS = NO;
				CLANG_ANALYZER_NONNULL = YES;
				CLANG_ANALYZER_NUMBER_OBJECT_CONVERSION = YES_AGGRESSIVE;
				CLANG_CXX_LANGUAGE_STANDARD = "gnu++14";
				CLANG_CXX_LIBRARY = "libc++";
				CLANG_ENABLE_MODULES = YES;
				CLANG_ENABLE_OBJC_ARC = YES;
				CLANG_ENABLE_OBJC_WEAK = YES;
				CLANG_WARN_BLOCK_CAPTURE_AUTORELEASING = YES;
				CLANG_WARN_BOOL_CONVERSION = YES;
				CLANG_WARN_COMMA = YES;
				CLANG_WARN_CONSTANT_CONVERSION = YES;
				CLANG_WARN_DEPRECATED_OBJC_IMPLEMENTATIONS = YES;
				CLANG_WARN_DIRECT_OBJC_ISA_USAGE = YES_ERROR;
				CLANG_WARN_DOCUMENTATION_COMMENTS = YES;
				CLANG_WARN_EMPTY_BODY = YES;
				CLANG_WARN_ENUM_CONVERSION = YES;
				CLANG_WARN_INFINITE_RECURSION = YES;
				CLANG_WARN_INT_CONVERSION = YES;
				CLANG_WARN_NON_LITERAL_NULL_CONVERSION = YES;
				CLANG_WARN_OBJC_IMPLICIT_RETAIN_SELF = YES;
				CLANG_WARN_OBJC_LITERAL_CONVERSION = YES;
				CLANG_WARN_OBJC_ROOT_CLASS = YES_ERROR;
				CLANG_WARN_RANGE_LOOP_ANALYSIS = YES;
				CLANG_WARN_STRICT_PROTOTYPES = YES;
				CLANG_WARN_SUSPICIOUS_MOVE = YES;
				CLANG_WARN_UNGUARDED_AVAILABILITY = YES_AGGRESSIVE;
				CLANG_WARN_UNREACHABLE_CODE = YES;
				CLANG_WARN__DUPLICATE_METHOD_MATCH = YES;
				COPY_PHASE_STRIP = NO;
				DEBUG_INFORMATION_FORMAT = dwarf;
				ENABLE_STRICT_OBJC_MSGSEND = YES;
				ENABLE_TESTABILITY = YES;
				GCC_C_LANGUAGE_STANDARD = gnu11;
				GCC_DYNAMIC_NO_PIC = NO;
				GCC_NO_COMMON_BLOCKS = YES;
				GCC_OPTIMIZATION_LEVEL = 0;
				GCC_PREPROCESSOR_DEFINITIONS = (
					"DEBUG=1",
					"$(inherited)",
				);
				GCC_WARN_64_TO_32_BIT_CONVERSION = YES;
				GCC_WARN_ABOUT_RETURN_TYPE = YES_ERROR;
				GCC_WARN_UNDECLARED_SELECTOR = YES;
				GCC_WARN_UNINITIALIZED_AUTOS = YES_AGGRESSIVE;
				GCC_WARN_UNUSED_FUNCTION = YES;
				GCC_WARN_UNUSED_VARIABLE = YES;
				IPHONEOS_DEPLOYMENT_TARGET = 13.5;
				MTL_ENABLE_DEBUG_INFO = INCLUDE_SOURCE;
				MTL_FAST_MATH = YES;
				ONLY_ACTIVE_ARCH = YES;
				SDKROOT = iphoneos;
				SWIFT_ACTIVE_COMPILATION_CONDITIONS = DEBUG;
				SWIFT_OPTIMIZATION_LEVEL = "-Onone";
			};
			name = Debug;
		};
		16809A3325742BA9005BE42E /* Release */ = {
			isa = XCBuildConfiguration;
			buildSettings = {
				ALWAYS_SEARCH_USER_PATHS = NO;
				CLANG_ANALYZER_NONNULL = YES;
				CLANG_ANALYZER_NUMBER_OBJECT_CONVERSION = YES_AGGRESSIVE;
				CLANG_CXX_LANGUAGE_STANDARD = "gnu++14";
				CLANG_CXX_LIBRARY = "libc++";
				CLANG_ENABLE_MODULES = YES;
				CLANG_ENABLE_OBJC_ARC = YES;
				CLANG_ENABLE_OBJC_WEAK = YES;
				CLANG_WARN_BLOCK_CAPTURE_AUTORELEASING = YES;
				CLANG_WARN_BOOL_CONVERSION = YES;
				CLANG_WARN_COMMA = YES;
				CLANG_WARN_CONSTANT_CONVERSION = YES;
				CLANG_WARN_DEPRECATED_OBJC_IMPLEMENTATIONS = YES;
				CLANG_WARN_DIRECT_OBJC_ISA_USAGE = YES_ERROR;
				CLANG_WARN_DOCUMENTATION_COMMENTS = YES;
				CLANG_WARN_EMPTY_BODY = YES;
				CLANG_WARN_ENUM_CONVERSION = YES;
				CLANG_WARN_INFINITE_RECURSION = YES;
				CLANG_WARN_INT_CONVERSION = YES;
				CLANG_WARN_NON_LITERAL_NULL_CONVERSION = YES;
				CLANG_WARN_OBJC_IMPLICIT_RETAIN_SELF = YES;
				CLANG_WARN_OBJC_LITERAL_CONVERSION = YES;
				CLANG_WARN_OBJC_ROOT_CLASS = YES_ERROR;
				CLANG_WARN_RANGE_LOOP_ANALYSIS = YES;
				CLANG_WARN_STRICT_PROTOTYPES = YES;
				CLANG_WARN_SUSPICIOUS_MOVE = YES;
				CLANG_WARN_UNGUARDED_AVAILABILITY = YES_AGGRESSIVE;
				CLANG_WARN_UNREACHABLE_CODE = YES;
				CLANG_WARN__DUPLICATE_METHOD_MATCH = YES;
				COPY_PHASE_STRIP = NO;
				DEBUG_INFORMATION_FORMAT = "dwarf-with-dsym";
				ENABLE_NS_ASSERTIONS = NO;
				ENABLE_STRICT_OBJC_MSGSEND = YES;
				GCC_C_LANGUAGE_STANDARD = gnu11;
				GCC_NO_COMMON_BLOCKS = YES;
				GCC_WARN_64_TO_32_BIT_CONVERSION = YES;
				GCC_WARN_ABOUT_RETURN_TYPE = YES_ERROR;
				GCC_WARN_UNDECLARED_SELECTOR = YES;
				GCC_WARN_UNINITIALIZED_AUTOS = YES_AGGRESSIVE;
				GCC_WARN_UNUSED_FUNCTION = YES;
				GCC_WARN_UNUSED_VARIABLE = YES;
				IPHONEOS_DEPLOYMENT_TARGET = 13.5;
				MTL_ENABLE_DEBUG_INFO = NO;
				MTL_FAST_MATH = YES;
				SDKROOT = iphoneos;
				SWIFT_COMPILATION_MODE = wholemodule;
				SWIFT_OPTIMIZATION_LEVEL = "-O";
				VALIDATE_PRODUCT = YES;
			};
			name = Release;
		};
		16809A3525742BA9005BE42E /* Debug */ = {
			isa = XCBuildConfiguration;
			buildSettings = {
				ASSETCATALOG_COMPILER_APPICON_NAME = AppIcon;
				CODE_SIGN_STYLE = Automatic;
				DEVELOPMENT_TEAM = 9ZPJ68HF84;
				INFOPLIST_FILE = GoalPost/Info.plist;
				LD_RUNPATH_SEARCH_PATHS = (
					"$(inherited)",
					"@executable_path/Frameworks",
				);
				PRODUCT_BUNDLE_IDENTIFIER = py.eferreira.GoalPost;
				PRODUCT_NAME = "$(TARGET_NAME)";
				SWIFT_VERSION = 5.0;
				TARGETED_DEVICE_FAMILY = "1,2";
			};
			name = Debug;
		};
		16809A3625742BA9005BE42E /* Release */ = {
			isa = XCBuildConfiguration;
			buildSettings = {
				ASSETCATALOG_COMPILER_APPICON_NAME = AppIcon;
				CODE_SIGN_STYLE = Automatic;
				DEVELOPMENT_TEAM = 9ZPJ68HF84;
				INFOPLIST_FILE = GoalPost/Info.plist;
				LD_RUNPATH_SEARCH_PATHS = (
					"$(inherited)",
					"@executable_path/Frameworks",
				);
				PRODUCT_BUNDLE_IDENTIFIER = py.eferreira.GoalPost;
				PRODUCT_NAME = "$(TARGET_NAME)";
				SWIFT_VERSION = 5.0;
				TARGETED_DEVICE_FAMILY = "1,2";
			};
			name = Release;
		};
/* End XCBuildConfiguration section */

/* Begin XCConfigurationList section */
		16809A1825742BA1005BE42E /* Build configuration list for PBXProject "GoalPost" */ = {
			isa = XCConfigurationList;
			buildConfigurations = (
				16809A3225742BA9005BE42E /* Debug */,
				16809A3325742BA9005BE42E /* Release */,
			);
			defaultConfigurationIsVisible = 0;
			defaultConfigurationName = Release;
		};
		16809A3425742BA9005BE42E /* Build configuration list for PBXNativeTarget "GoalPost" */ = {
			isa = XCConfigurationList;
			buildConfigurations = (
				16809A3525742BA9005BE42E /* Debug */,
				16809A3625742BA9005BE42E /* Release */,
			);
			defaultConfigurationIsVisible = 0;
			defaultConfigurationName = Release;
		};
/* End XCConfigurationList section */

/* Begin XCVersionGroup section */
		16809A2925742BA2005BE42E /* GoalPost.xcdatamodeld */ = {
			isa = XCVersionGroup;
			children = (
				16809A2A25742BA2005BE42E /* GoalPost.xcdatamodel */,
			);
			currentVersion = 16809A2A25742BA2005BE42E /* GoalPost.xcdatamodel */;
			path = GoalPost.xcdatamodeld;
			sourceTree = "<group>";
			versionGroupType = wrapper.xcdatamodel;
		};
/* End XCVersionGroup section */
	};
	rootObject = 16809A1525742BA1005BE42E /* Project object */;
}
